
Microsoft Visual Studio Solution File, Format Version 12.00
# Visual Studio Version 17
VisualStudioVersion = 17.0.31903.59
MinimumVisualStudioVersion = 10.0.40219.1
Project("{2150E333-8FDC-42A3-9474-1A3956D46DE8}") = "Solution Items", "Solution Items", "{0B71CFE9-1A84-4267-84CF-09216794F6CE}"
	ProjectSection(SolutionItems) = preProject
		.editorconfig = .editorconfig
		.gitattributes = .gitattributes
		.gitignore = .gitignore
		.runsettings = .runsettings
		CHANGELOG.md = CHANGELOG.md
		Directory.Build.props = Directory.Build.props
		Directory.Packages.props = Directory.Packages.props
		global.json = global.json
		LICENSE.txt = LICENSE.txt
		NuGet.config = NuGet.config
		README.md = README.md
		stylecop.json = stylecop.json
	EndProjectSection
EndProject
Project("{2150E333-8FDC-42A3-9474-1A3956D46DE8}") = "src", "src", "{D7CAB834-D829-4BDF-8B94-AA043B645A94}"
EndProject
Project("{9A19103F-16F7-4668-BE54-9A1E7A4F7556}") = "muscat", "src\muscat\muscat.csproj", "{742AE881-3564-42F0-AFC1-A517FD9011E0}"
EndProject
Project("{FAE04EC0-301F-11D3-BF4B-00C04F79EFBC}") = "Muscat.Application", "src\Muscat.Application\Muscat.Application.csproj", "{EB659188-66DE-4606-8D59-8DC8BDD1673D}"
EndProject
Project("{9A19103F-16F7-4668-BE54-9A1E7A4F7556}") = "Muscat.Core", "src\Muscat.Core\Muscat.Core.csproj", "{6C7C9584-9877-46D8-A8D0-D0DB850928E2}"
EndProject
Project("{9A19103F-16F7-4668-BE54-9A1E7A4F7556}") = "Muscat.Infrastructure", "src\Muscat.Infrastructure\Muscat.Infrastructure.csproj", "{5EE2F75E-19DC-4E8C-A85A-571B716F0AFB}"
EndProject
Project("{9A19103F-16F7-4668-BE54-9A1E7A4F7556}") = "Muscat.Infrastructure.Migrations", "src\Muscat.Infrastructure.Migrations\Muscat.Infrastructure.Migrations.csproj", "{AB1346A7-103D-4BA9-89BE-62D7749F1F60}"
EndProject
Project("{2150E333-8FDC-42A3-9474-1A3956D46DE8}") = "tests", "tests", "{C46C73CB-EF2E-44DA-BB5D-75B0D49D2AEA}"
	ProjectSection(SolutionItems) = preProject
		tests\Directory.Build.props = tests\Directory.Build.props
		tests\TestingSuppressions.cs = tests\TestingSuppressions.cs
		tests\xunit.runner.json = tests\xunit.runner.json
	EndProjectSection
EndProject
Project("{9A19103F-16F7-4668-BE54-9A1E7A4F7556}") = "Muscat.Core.UnitTests", "tests\Muscat.Core.UnitTests\Muscat.Core.UnitTests.csproj", "{51C30E78-815F-404A-AD82-F5D00F436BFA}"
EndProject
Global
	GlobalSection(SolutionConfigurationPlatforms) = preSolution
		Debug|Any CPU = Debug|Any CPU
		Release|Any CPU = Release|Any CPU
	EndGlobalSection
	GlobalSection(ProjectConfigurationPlatforms) = postSolution
		{742AE881-3564-42F0-AFC1-A517FD9011E0}.Debug|Any CPU.ActiveCfg = Debug|Any CPU
		{742AE881-3564-42F0-AFC1-A517FD9011E0}.Debug|Any CPU.Build.0 = Debug|Any CPU
		{742AE881-3564-42F0-AFC1-A517FD9011E0}.Release|Any CPU.ActiveCfg = Release|Any CPU
		{742AE881-3564-42F0-AFC1-A517FD9011E0}.Release|Any CPU.Build.0 = Release|Any CPU
		{6C7C9584-9877-46D8-A8D0-D0DB850928E2}.Debug|Any CPU.ActiveCfg = Debug|Any CPU
		{6C7C9584-9877-46D8-A8D0-D0DB850928E2}.Debug|Any CPU.Build.0 = Debug|Any CPU
		{6C7C9584-9877-46D8-A8D0-D0DB850928E2}.Release|Any CPU.ActiveCfg = Release|Any CPU
		{6C7C9584-9877-46D8-A8D0-D0DB850928E2}.Release|Any CPU.Build.0 = Release|Any CPU
		{5EE2F75E-19DC-4E8C-A85A-571B716F0AFB}.Debug|Any CPU.ActiveCfg = Debug|Any CPU
		{5EE2F75E-19DC-4E8C-A85A-571B716F0AFB}.Debug|Any CPU.Build.0 = Debug|Any CPU
		{5EE2F75E-19DC-4E8C-A85A-571B716F0AFB}.Release|Any CPU.ActiveCfg = Release|Any CPU
		{5EE2F75E-19DC-4E8C-A85A-571B716F0AFB}.Release|Any CPU.Build.0 = Release|Any CPU
		{AB1346A7-103D-4BA9-89BE-62D7749F1F60}.Debug|Any CPU.ActiveCfg = Debug|Any CPU
		{AB1346A7-103D-4BA9-89BE-62D7749F1F60}.Debug|Any CPU.Build.0 = Debug|Any CPU
		{AB1346A7-103D-4BA9-89BE-62D7749F1F60}.Release|Any CPU.ActiveCfg = Release|Any CPU
		{AB1346A7-103D-4BA9-89BE-62D7749F1F60}.Release|Any CPU.Build.0 = Release|Any CPU
		{51C30E78-815F-404A-AD82-F5D00F436BFA}.Debug|Any CPU.ActiveCfg = Debug|Any CPU
		{51C30E78-815F-404A-AD82-F5D00F436BFA}.Debug|Any CPU.Build.0 = Debug|Any CPU
		{51C30E78-815F-404A-AD82-F5D00F436BFA}.Release|Any CPU.ActiveCfg = Release|Any CPU
		{51C30E78-815F-404A-AD82-F5D00F436BFA}.Release|Any CPU.Build.0 = Release|Any CPU
		{EB659188-66DE-4606-8D59-8DC8BDD1673D}.Debug|Any CPU.ActiveCfg = Debug|Any CPU
		{EB659188-66DE-4606-8D59-8DC8BDD1673D}.Debug|Any CPU.Build.0 = Debug|Any CPU
		{EB659188-66DE-4606-8D59-8DC8BDD1673D}.Release|Any CPU.ActiveCfg = Release|Any CPU
		{EB659188-66DE-4606-8D59-8DC8BDD1673D}.Release|Any CPU.Build.0 = Release|Any CPU
	EndGlobalSection
	GlobalSection(SolutionProperties) = preSolution
		HideSolutionNode = FALSE
	EndGlobalSection
	GlobalSection(NestedProjects) = preSolution
		{742AE881-3564-42F0-AFC1-A517FD9011E0} = {D7CAB834-D829-4BDF-8B94-AA043B645A94}
		{6C7C9584-9877-46D8-A8D0-D0DB850928E2} = {D7CAB834-D829-4BDF-8B94-AA043B645A94}
		{5EE2F75E-19DC-4E8C-A85A-571B716F0AFB} = {D7CAB834-D829-4BDF-8B94-AA043B645A94}
		{AB1346A7-103D-4BA9-89BE-62D7749F1F60} = {D7CAB834-D829-4BDF-8B94-AA043B645A94}
		{51C30E78-815F-404A-AD82-F5D00F436BFA} = {C46C73CB-EF2E-44DA-BB5D-75B0D49D2AEA}
		{EB659188-66DE-4606-8D59-8DC8BDD1673D} = {D7CAB834-D829-4BDF-8B94-AA043B645A94}
	EndGlobalSection
	GlobalSection(ExtensibilityGlobals) = postSolution
		SolutionGuid = {8CB69BF4-DEFD-4BFA-989B-DAF75E54FBF8}
	EndGlobalSection
EndGlobal
